
Microsoft Visual Studio Solution File, Format Version 12.00
# Visual Studio Version 16
VisualStudioVersion = 16.0.31605.320
MinimumVisualStudioVersion = 10.0.40219.1
Project("{FAE04EC0-301F-11D3-BF4B-00C04F79EFBC}") = "JellyUI", "JellyUI.csproj", "{4EE232BF-1615-4A68-A5D4-DDA110FB18E8}"
EndProject
Global
	GlobalSection(SolutionConfigurationPlatforms) = preSolution
		Debug|Any CPU = Debug|Any CPU
		Release|Any CPU = Release|Any CPU
	EndGlobalSection
	GlobalSection(ProjectConfigurationPlatforms) = postSolution
		{4EE232BF-1615-4A68-A5D4-DDA110FB18E8}.Debug|Any CPU.ActiveCfg = Debug|Any CPU
		{4EE232BF-1615-4A68-A5D4-DDA110FB18E8}.Debug|Any CPU.Build.0 = Debug|Any CPU
		{4EE232BF-1615-4A68-A5D4-DDA110FB18E8}.Release|Any CPU.ActiveCfg = Release|Any CPU
		{4EE232BF-1615-4A68-A5D4-DDA110FB18E8}.Release|Any CPU.Build.0 = Release|Any CPU
	EndGlobalSection
	GlobalSection(SolutionProperties) = preSolution
		HideSolutionNode = FALSE
	EndGlobalSection
	GlobalSection(ExtensibilityGlobals) = postSolution
		SolutionGuid = {A662A0BF-61FB-4DF6-A1A7-560764350B7D}
	EndGlobalSection
EndGlobal
